
Microsoft Visual Studio Solution File, Format Version 12.00
# Visual Studio Version 17
VisualStudioVersion = 17.14.36717.8 d17.14
MinimumVisualStudioVersion = 10.0.40219.1
Project("{FAE04EC0-301F-11D3-BF4B-00C04F79EFBC}") = "DXApplication1.Blazor.Server", "DXApplication1\DXApplication1.Blazor.Server\DXApplication1.Blazor.Server.csproj", "{B5CD6B3D-C4B6-47B1-AF7D-DA886F6C757C}"
EndProject
Project("{FAE04EC0-301F-11D3-BF4B-00C04F79EFBC}") = "DXApplication1.Module", "DXApplication1\DXApplication1.Module\DXApplication1.Module.csproj", "{7833E0A5-1045-41E3-AE10-57069E90C1E0}"
EndProject
Global
	GlobalSection(SolutionConfigurationPlatforms) = preSolution
		Debug|Any CPU = Debug|Any CPU
		EasyTest|Any CPU = EasyTest|Any CPU
		Release|Any CPU = Release|Any CPU
	EndGlobalSection
	GlobalSection(ProjectConfigurationPlatforms) = postSolution
		{B5CD6B3D-C4B6-47B1-AF7D-DA886F6C757C}.Debug|Any CPU.ActiveCfg = Debug|Any CPU
		{B5CD6B3D-C4B6-47B1-AF7D-DA886F6C757C}.Debug|Any CPU.Build.0 = Debug|Any CPU
		{B5CD6B3D-C4B6-47B1-AF7D-DA886F6C757C}.EasyTest|Any CPU.ActiveCfg = EasyTest|Any CPU
		{B5CD6B3D-C4B6-47B1-AF7D-DA886F6C757C}.EasyTest|Any CPU.Build.0 = EasyTest|Any CPU
		{B5CD6B3D-C4B6-47B1-AF7D-DA886F6C757C}.Release|Any CPU.ActiveCfg = Release|Any CPU
		{B5CD6B3D-C4B6-47B1-AF7D-DA886F6C757C}.Release|Any CPU.Build.0 = Release|Any CPU
		{7833E0A5-1045-41E3-AE10-57069E90C1E0}.Debug|Any CPU.ActiveCfg = Debug|Any CPU
		{7833E0A5-1045-41E3-AE10-57069E90C1E0}.Debug|Any CPU.Build.0 = Debug|Any CPU
		{7833E0A5-1045-41E3-AE10-57069E90C1E0}.EasyTest|Any CPU.ActiveCfg = EasyTest|Any CPU
		{7833E0A5-1045-41E3-AE10-57069E90C1E0}.EasyTest|Any CPU.Build.0 = EasyTest|Any CPU
		{7833E0A5-1045-41E3-AE10-57069E90C1E0}.Release|Any CPU.ActiveCfg = Release|Any CPU
		{7833E0A5-1045-41E3-AE10-57069E90C1E0}.Release|Any CPU.Build.0 = Release|Any CPU
	EndGlobalSection
	GlobalSection(SolutionProperties) = preSolution
		HideSolutionNode = FALSE
	EndGlobalSection
	GlobalSection(ExtensibilityGlobals) = postSolution
		SolutionGuid = {4F681F1D-F3E5-42A7-8DE2-7BBB609BD244}
	EndGlobalSection
EndGlobal
