
Microsoft Visual Studio Solution File, Format Version 12.00
# Visual Studio Version 17
VisualStudioVersion = 17.14.36717.8 d17.14
MinimumVisualStudioVersion = 10.0.40219.1
Project("{FAE04EC0-301F-11D3-BF4B-00C04F79EFBC}") = "MainDemo.Blazor.Server", "MainDemo\MainDemo.Blazor.Server\MainDemo.Blazor.Server.csproj", "{B955DE93-0A27-4631-948F-DB93EF4D35DB}"
EndProject
Project("{FAE04EC0-301F-11D3-BF4B-00C04F79EFBC}") = "MainDemo.Module", "MainDemo\MainDemo.Module\MainDemo.Module.csproj", "{B39CC472-7F4A-4739-AC6C-A67A45247260}"
EndProject
Global
	GlobalSection(SolutionConfigurationPlatforms) = preSolution
		Debug|Any CPU = Debug|Any CPU
		EasyTest|Any CPU = EasyTest|Any CPU
		Release|Any CPU = Release|Any CPU
	EndGlobalSection
	GlobalSection(ProjectConfigurationPlatforms) = postSolution
		{B955DE93-0A27-4631-948F-DB93EF4D35DB}.Debug|Any CPU.ActiveCfg = Debug|Any CPU
		{B955DE93-0A27-4631-948F-DB93EF4D35DB}.Debug|Any CPU.Build.0 = Debug|Any CPU
		{B955DE93-0A27-4631-948F-DB93EF4D35DB}.EasyTest|Any CPU.ActiveCfg = EasyTest|Any CPU
		{B955DE93-0A27-4631-948F-DB93EF4D35DB}.EasyTest|Any CPU.Build.0 = EasyTest|Any CPU
		{B955DE93-0A27-4631-948F-DB93EF4D35DB}.Release|Any CPU.ActiveCfg = Release|Any CPU
		{B955DE93-0A27-4631-948F-DB93EF4D35DB}.Release|Any CPU.Build.0 = Release|Any CPU
		{B39CC472-7F4A-4739-AC6C-A67A45247260}.Debug|Any CPU.ActiveCfg = Debug|Any CPU
		{B39CC472-7F4A-4739-AC6C-A67A45247260}.Debug|Any CPU.Build.0 = Debug|Any CPU
		{B39CC472-7F4A-4739-AC6C-A67A45247260}.EasyTest|Any CPU.ActiveCfg = EasyTest|Any CPU
		{B39CC472-7F4A-4739-AC6C-A67A45247260}.EasyTest|Any CPU.Build.0 = EasyTest|Any CPU
		{B39CC472-7F4A-4739-AC6C-A67A45247260}.Release|Any CPU.ActiveCfg = Release|Any CPU
		{B39CC472-7F4A-4739-AC6C-A67A45247260}.Release|Any CPU.Build.0 = Release|Any CPU
	EndGlobalSection
	GlobalSection(SolutionProperties) = preSolution
		HideSolutionNode = FALSE
	EndGlobalSection
	GlobalSection(ExtensibilityGlobals) = postSolution
		SolutionGuid = {632384DF-2C1A-477A-8BB6-33E6153834C6}
	EndGlobalSection
EndGlobal
